
Microsoft Visual Studio Solution File, Format Version 12.00
# Visual Studio Version 17
VisualStudioVersion = 17.13.35828.75 d17.13
MinimumVisualStudioVersion = 10.0.40219.1
Project("{FAE04EC0-301F-11D3-BF4B-00C04F79EFBC}") = "COMP003B.Assignment5", "COMP003B.Assignment5\COMP003B.Assignment5.csproj", "{A1CDA307-4CF8-48A7-9C63-033020F4007B}"
EndProject
Global
	GlobalSection(SolutionConfigurationPlatforms) = preSolution
		Debug|Any CPU = Debug|Any CPU
		Release|Any CPU = Release|Any CPU
	EndGlobalSection
	GlobalSection(ProjectConfigurationPlatforms) = postSolution
		{A1CDA307-4CF8-48A7-9C63-033020F4007B}.Debug|Any CPU.ActiveCfg = Debug|Any CPU
		{A1CDA307-4CF8-48A7-9C63-033020F4007B}.Debug|Any CPU.Build.0 = Debug|Any CPU
		{A1CDA307-4CF8-48A7-9C63-033020F4007B}.Release|Any CPU.ActiveCfg = Release|Any CPU
		{A1CDA307-4CF8-48A7-9C63-033020F4007B}.Release|Any CPU.Build.0 = Release|Any CPU
	EndGlobalSection
	GlobalSection(SolutionProperties) = preSolution
		HideSolutionNode = FALSE
	EndGlobalSection
	GlobalSection(ExtensibilityGlobals) = postSolution
		SolutionGuid = {AAF4C6D1-9248-43F3-9B8B-7ABB769AA014}
	EndGlobalSection
EndGlobal
